
Microsoft Visual Studio Solution File, Format Version 12.00
# Visual Studio 15
VisualStudioVersion = 15.0.27130.2010
MinimumVisualStudioVersion = 10.0.40219.1
Project("{FAE04EC0-301F-11D3-BF4B-00C04F79EFBC}") = "AspNetCoreTest", "AspNetCoreTest\AspNetCoreTest.csproj", "{AA0FD3F9-AED7-4B31-AAF9-582F00D1ECDB}"
EndProject
Global
	GlobalSection(SolutionConfigurationPlatforms) = preSolution
		Debug|Any CPU = Debug|Any CPU
		Release|Any CPU = Release|Any CPU
	EndGlobalSection
	GlobalSection(ProjectConfigurationPlatforms) = postSolution
		{AA0FD3F9-AED7-4B31-AAF9-582F00D1ECDB}.Debug|Any CPU.ActiveCfg = Debug|Any CPU
		{AA0FD3F9-AED7-4B31-AAF9-582F00D1ECDB}.Debug|Any CPU.Build.0 = Debug|Any CPU
		{AA0FD3F9-AED7-4B31-AAF9-582F00D1ECDB}.Release|Any CPU.ActiveCfg = Release|Any CPU
		{AA0FD3F9-AED7-4B31-AAF9-582F00D1ECDB}.Release|Any CPU.Build.0 = Release|Any CPU
	EndGlobalSection
	GlobalSection(SolutionProperties) = preSolution
		HideSolutionNode = FALSE
	EndGlobalSection
	GlobalSection(ExtensibilityGlobals) = postSolution
		SolutionGuid = {82ED59AC-55C9-4840-8149-45A3A545A11F}
	EndGlobalSection
EndGlobal
